
Microsoft Visual Studio Solution File, Format Version 12.00
# Visual Studio Version 16
VisualStudioVersion = 16.0.29728.190
MinimumVisualStudioVersion = 10.0.40219.1
Project("{FAE04EC0-301F-11D3-BF4B-00C04F79EFBC}") = "Problema 3 Manejo de Modularidad", "Problema 3 Manejo de Modularidad\Problema 3 Manejo de Modularidad.csproj", "{0E8DE998-B2AF-4A12-B294-7E68DD7DE086}"
EndProject
Global
	GlobalSection(SolutionConfigurationPlatforms) = preSolution
		Debug|Any CPU = Debug|Any CPU
		Release|Any CPU = Release|Any CPU
	EndGlobalSection
	GlobalSection(ProjectConfigurationPlatforms) = postSolution
		{0E8DE998-B2AF-4A12-B294-7E68DD7DE086}.Debug|Any CPU.ActiveCfg = Debug|Any CPU
		{0E8DE998-B2AF-4A12-B294-7E68DD7DE086}.Debug|Any CPU.Build.0 = Debug|Any CPU
		{0E8DE998-B2AF-4A12-B294-7E68DD7DE086}.Release|Any CPU.ActiveCfg = Release|Any CPU
		{0E8DE998-B2AF-4A12-B294-7E68DD7DE086}.Release|Any CPU.Build.0 = Release|Any CPU
	EndGlobalSection
	GlobalSection(SolutionProperties) = preSolution
		HideSolutionNode = FALSE
	EndGlobalSection
	GlobalSection(ExtensibilityGlobals) = postSolution
		SolutionGuid = {2321F97F-DE8D-456F-BA8E-3438EDDA1F37}
	EndGlobalSection
EndGlobal
