
Microsoft Visual Studio Solution File, Format Version 12.00
# Visual Studio Version 16
VisualStudioVersion = 16.0.29728.190
MinimumVisualStudioVersion = 10.0.40219.1
Project("{FAE04EC0-301F-11D3-BF4B-00C04F79EFBC}") = "Problema 5 Uso de Arreglos y TDA", "Problema 5 Uso de Arreglos y TDA\Problema 5 Uso de Arreglos y TDA.csproj", "{0B38617C-FDF5-4FF3-818E-53256C3D1337}"
EndProject
Global
	GlobalSection(SolutionConfigurationPlatforms) = preSolution
		Debug|Any CPU = Debug|Any CPU
		Release|Any CPU = Release|Any CPU
	EndGlobalSection
	GlobalSection(ProjectConfigurationPlatforms) = postSolution
		{0B38617C-FDF5-4FF3-818E-53256C3D1337}.Debug|Any CPU.ActiveCfg = Debug|Any CPU
		{0B38617C-FDF5-4FF3-818E-53256C3D1337}.Debug|Any CPU.Build.0 = Debug|Any CPU
		{0B38617C-FDF5-4FF3-818E-53256C3D1337}.Release|Any CPU.ActiveCfg = Release|Any CPU
		{0B38617C-FDF5-4FF3-818E-53256C3D1337}.Release|Any CPU.Build.0 = Release|Any CPU
	EndGlobalSection
	GlobalSection(SolutionProperties) = preSolution
		HideSolutionNode = FALSE
	EndGlobalSection
	GlobalSection(ExtensibilityGlobals) = postSolution
		SolutionGuid = {0B4CAEDE-A291-42D6-A576-DC03F60CF52F}
	EndGlobalSection
EndGlobal
